
Microsoft Visual Studio Solution File, Format Version 12.00
# Visual Studio Version 16
VisualStudioVersion = 16.0.31727.386
MinimumVisualStudioVersion = 10.0.40219.1
Project("{FAE04EC0-301F-11D3-BF4B-00C04F79EFBC}") = "NationalTrust", "NationalTrust.csproj", "{C2E117E7-A19A-478C-99E5-CA0F78F3B373}"
EndProject
Global
	GlobalSection(SolutionConfigurationPlatforms) = preSolution
		Debug|Any CPU = Debug|Any CPU
		Release|Any CPU = Release|Any CPU
	EndGlobalSection
	GlobalSection(ProjectConfigurationPlatforms) = postSolution
		{C2E117E7-A19A-478C-99E5-CA0F78F3B373}.Debug|Any CPU.ActiveCfg = Debug|Any CPU
		{C2E117E7-A19A-478C-99E5-CA0F78F3B373}.Debug|Any CPU.Build.0 = Debug|Any CPU
		{C2E117E7-A19A-478C-99E5-CA0F78F3B373}.Release|Any CPU.ActiveCfg = Release|Any CPU
		{C2E117E7-A19A-478C-99E5-CA0F78F3B373}.Release|Any CPU.Build.0 = Release|Any CPU
	EndGlobalSection
	GlobalSection(SolutionProperties) = preSolution
		HideSolutionNode = FALSE
	EndGlobalSection
	GlobalSection(ExtensibilityGlobals) = postSolution
		SolutionGuid = {018FCB2B-BE46-4242-871C-110AC2BD95EA}
	EndGlobalSection
EndGlobal
