
Microsoft Visual Studio Solution File, Format Version 12.00
# Visual Studio Version 16
VisualStudioVersion = 16.0.31727.386
MinimumVisualStudioVersion = 10.0.40219.1
Project("{FAE04EC0-301F-11D3-BF4B-00C04F79EFBC}") = "GettingNumbers", "GettingNumbers\GettingNumbers.csproj", "{799F23D2-5424-4BF1-BB7E-FEA0309A551E}"
EndProject
Global
	GlobalSection(SolutionConfigurationPlatforms) = preSolution
		Debug|Any CPU = Debug|Any CPU
		Release|Any CPU = Release|Any CPU
	EndGlobalSection
	GlobalSection(ProjectConfigurationPlatforms) = postSolution
		{799F23D2-5424-4BF1-BB7E-FEA0309A551E}.Debug|Any CPU.ActiveCfg = Debug|Any CPU
		{799F23D2-5424-4BF1-BB7E-FEA0309A551E}.Debug|Any CPU.Build.0 = Debug|Any CPU
		{799F23D2-5424-4BF1-BB7E-FEA0309A551E}.Release|Any CPU.ActiveCfg = Release|Any CPU
		{799F23D2-5424-4BF1-BB7E-FEA0309A551E}.Release|Any CPU.Build.0 = Release|Any CPU
	EndGlobalSection
	GlobalSection(SolutionProperties) = preSolution
		HideSolutionNode = FALSE
	EndGlobalSection
	GlobalSection(ExtensibilityGlobals) = postSolution
		SolutionGuid = {EE4D60A1-D802-444B-AC96-141F60427CCD}
	EndGlobalSection
EndGlobal
